# Generated by move; do not edit
# This file should be checked in.

[move]
version = 4

[pinned.mainnet.MoveStdlib]
source = { git = "https://github.com/MystenLabs/sui.git", subdir = "crates/sui-framework/packages/move-stdlib", rev = "563c15820b27dec9cbe75f826a3b6243ef44da1a" }
use_environment = "mainnet"
manifest_digest = "C4FE4C91DE74CBF223B2E380AE40F592177D21870DC2D7EB6227D2D694E05363"
deps = {}

[pinned.mainnet.MoveStdlib_1]
source = { git = "https://github.com/MystenLabs/sui.git", subdir = "crates/sui-framework/packages/move-stdlib", rev = "041c5f2bae2fe52079e44b70514333532d69f4e6" }
use_environment = "mainnet"
manifest_digest = "C4FE4C91DE74CBF223B2E380AE40F592177D21870DC2D7EB6227D2D694E05363"
deps = {}

[pinned.mainnet.MoveStdlib_2]
source = { git = "https://github.com/MystenLabs/sui.git", subdir = "crates/sui-framework/packages/move-stdlib", rev = "072a2111619715c3348d1b83c0526c3bcfa5cdd1" }
use_environment = "mainnet"
manifest_digest = "C4FE4C91DE74CBF223B2E380AE40F592177D21870DC2D7EB6227D2D694E05363"
deps = {}

[pinned.mainnet.Pyth]
source = { git = "https://github.com/solendprotocol/pyth-crosschain.git", subdir = "target_chains/sui/contracts", rev = "f272d1208a4d34ad5e65e344946f731819af99f6" }
use_environment = "mainnet"
manifest_digest = "F2C5AF85C4B72C8F6A8132D05DE4F787F4EB80DBFF812331ED65AE599E7DF92A"
deps = { Sui = "Sui_1", Wormhole = "Wormhole" }

[pinned.mainnet.Pyth_1]
source = { git = "https://github.com/naviprotocol/pyth-crosschain.git", subdir = "target_chains/sui/contracts", rev = "1880b24c6acfaac101747f863c5047fff9adaa0f" }
use_environment = "mainnet"
manifest_digest = "C981BFE5D31B50DB795278F9617725C1C2AEDFE52970A2E02D2B5636175470AB"
deps = { Sui = "Sui_2", Wormhole = "Wormhole_1" }

[pinned.mainnet.Sui]
source = { git = "https://github.com/MystenLabs/sui.git", subdir = "crates/sui-framework/packages/sui-framework", rev = "563c15820b27dec9cbe75f826a3b6243ef44da1a" }
use_environment = "mainnet"
manifest_digest = "CD547CB1ACCE0880C835DAED2D8FFCB91D56C833AE5240D3AA5B918398263195"
deps = { MoveStdlib = "MoveStdlib" }

[pinned.mainnet.Sui_1]
source = { git = "https://github.com/MystenLabs/sui.git", subdir = "crates/sui-framework/packages/sui-framework", rev = "041c5f2bae2fe52079e44b70514333532d69f4e6" }
use_environment = "mainnet"
manifest_digest = "CD547CB1ACCE0880C835DAED2D8FFCB91D56C833AE5240D3AA5B918398263195"
deps = { MoveStdlib = "MoveStdlib_1" }

[pinned.mainnet.Sui_2]
source = { git = "https://github.com/MystenLabs/sui.git", subdir = "crates/sui-framework/packages/sui-framework", rev = "072a2111619715c3348d1b83c0526c3bcfa5cdd1" }
use_environment = "mainnet"
manifest_digest = "CD547CB1ACCE0880C835DAED2D8FFCB91D56C833AE5240D3AA5B918398263195"
deps = { MoveStdlib = "MoveStdlib_2" }

[pinned.mainnet.SupraOracle]
source = { git = "https://github.com/naviprotocol/supra-oracle.git", subdir = "supra_holder", rev = "0d41a846e75cff18da44e462260bf60c73417c8e" }
use_environment = "mainnet"
manifest_digest = "CDD606D609F32BF36A2C06E7DB0E6BBBA82B7EC29C58D217D0AFCED1E87ED550"
deps = { Sui = "Sui_2", supra_validator = "supra_validator" }

[pinned.mainnet.Wormhole]
source = { git = "https://github.com/wormhole-foundation/wormhole.git", subdir = "sui/wormhole", rev = "b71be5cbb9537c4aac8e23e74371affa3825efcd" }
use_environment = "mainnet"
manifest_digest = "0D766A0380B75080707CFA6099AF469A2E502B0D9DC334A9E9983B391C5555D9"
deps = { Sui = "Sui_1" }

[pinned.mainnet.Wormhole_1]
source = { git = "https://github.com/naviprotocol/wormhole.git", subdir = "sui/wormhole", rev = "7749aff1380b0f63743d36856a5934de606483ba" }
use_environment = "mainnet"
manifest_digest = "3876920E3F5449B657525E749B996C31141507452514AF2E259F5441554DCDDF"
deps = { Sui = "Sui_2" }

[pinned.mainnet.lending_core]
source = { local = "../local_dependencies/protocol/lending_core" }
use_environment = "mainnet"
manifest_digest = "F0C83551A91C5F4E67CEC6BFBDCC5E02E1C4B1C0366A268AD189C57F2D77996B"
deps = { Sui = "Sui_2", oracle = "oracle" }

[pinned.mainnet.limiter]
source = { root = true }
use_environment = "mainnet"
manifest_digest = "13B0E582D4729B05CC6FBF6501D7314856E2939F578F8586869B76F170D5B855"
deps = { Pyth = "Pyth", lending_core = "lending_core", std = "MoveStdlib", sui = "Sui" }

[pinned.mainnet.oracle]
source = { local = "../local_dependencies/protocol/oracle" }
use_environment = "mainnet"
manifest_digest = "61C421A7488AD39608122B4B2B99C81A45E4B6BD18B671B631F11A416E6B6ABF"
deps = { Pyth = "Pyth_1", Sui = "Sui_2", SupraOracle = "SupraOracle" }

[pinned.mainnet.supra_utils]
source = { git = "https://github.com/naviprotocol/supra-oracle.git", subdir = "supra_utils", rev = "0d41a846e75cff18da44e462260bf60c73417c8e" }
use_environment = "mainnet"
manifest_digest = "3876920E3F5449B657525E749B996C31141507452514AF2E259F5441554DCDDF"
deps = { Sui = "Sui_2" }

[pinned.mainnet.supra_validator]
source = { git = "https://github.com/naviprotocol/supra-oracle.git", subdir = "supra_validator", rev = "0d41a846e75cff18da44e462260bf60c73417c8e" }
use_environment = "mainnet"
manifest_digest = "6972115A9F4DCD60D13D7BB34F2D42245F8743B737EA8651F3DF6669BC3D6C93"
deps = { Sui = "Sui_2", supra_utils = "supra_utils" }
